schema=zenodex.tau_lang_adt_research_lock.v1
repo=https://github.com/IDNI/tau-lang.git
commit=1c1e58aea7ddec04e48ce11cb0e6ed0cbe2a0d43
profile=research
purpose=ZenoDEX ADT logical ABI V1 replay; ADTs/functions/recurrences/whole-value arguments/min-max
nonclaim=This pin does not imply Tau Tables availability or production Tau Net compatibility.
